
Microsoft Visual Studio Solution File, Format Version 12.00
# Visual Studio Version 16
VisualStudioVersion = 16.0.29009.5
MinimumVisualStudioVersion = 10.0.40219.1
Project("{FAE04EC0-301F-11D3-BF4B-00C04F79EFBC}") = "Hospital", "Hospital\Hospital.csproj", "{E80A05D0-CEB5-4B82-AA80-BC7719C3059B}"
EndProject
Global
	GlobalSection(SolutionConfigurationPlatforms) = preSolution
		Debug|Any CPU = Debug|Any CPU
		Release|Any CPU = Release|Any CPU
	EndGlobalSection
	GlobalSection(ProjectConfigurationPlatforms) = postSolution
		{E80A05D0-CEB5-4B82-AA80-BC7719C3059B}.Debug|Any CPU.ActiveCfg = Debug|Any CPU
		{E80A05D0-CEB5-4B82-AA80-BC7719C3059B}.Debug|Any CPU.Build.0 = Debug|Any CPU
		{E80A05D0-CEB5-4B82-AA80-BC7719C3059B}.Release|Any CPU.ActiveCfg = Release|Any CPU
		{E80A05D0-CEB5-4B82-AA80-BC7719C3059B}.Release|Any CPU.Build.0 = Release|Any CPU
	EndGlobalSection
	GlobalSection(SolutionProperties) = preSolution
		HideSolutionNode = FALSE
	EndGlobalSection
	GlobalSection(ExtensibilityGlobals) = postSolution
		SolutionGuid = {702BDC62-5422-46DD-BE70-0B431E4EE81E}
	EndGlobalSection
EndGlobal
